
Microsoft Visual Studio Solution File, Format Version 12.00
# Visual Studio 14
VisualStudioVersion = 14.0.25420.1
MinimumVisualStudioVersion = 10.0.40219.1
Project("{FAE04EC0-301F-11D3-BF4B-00C04F79EFBC}") = "simple_calc", "simple_calc\simple_calc.csproj", "{505A161B-951B-48FB-B4F5-C8EAC7806FED}"
EndProject
Global
	GlobalSection(SolutionConfigurationPlatforms) = preSolution
		Debug|Any CPU = Debug|Any CPU
		Release|Any CPU = Release|Any CPU
	EndGlobalSection
	GlobalSection(ProjectConfigurationPlatforms) = postSolution
		{505A161B-951B-48FB-B4F5-C8EAC7806FED}.Debug|Any CPU.ActiveCfg = Debug|Any CPU
		{505A161B-951B-48FB-B4F5-C8EAC7806FED}.Debug|Any CPU.Build.0 = Debug|Any CPU
		{505A161B-951B-48FB-B4F5-C8EAC7806FED}.Release|Any CPU.ActiveCfg = Release|Any CPU
		{505A161B-951B-48FB-B4F5-C8EAC7806FED}.Release|Any CPU.Build.0 = Release|Any CPU
	EndGlobalSection
	GlobalSection(SolutionProperties) = preSolution
		HideSolutionNode = FALSE
	EndGlobalSection
EndGlobal
